
Microsoft Visual Studio Solution File, Format Version 10.00
# Visual Studio 2008
Project("{FAE04EC0-301F-11D3-BF4B-00C04F79EFBC}") = "Tfs2010WITAdapter", "Tfs2010WITAdapter.csproj", "{E340292B-FCDF-4D3B-9203-4D3D393B77AF}"
EndProject
Project("{FAE04EC0-301F-11D3-BF4B-00C04F79EFBC}") = "TfsWITAdapter", "..\TfsWITAdapter\TfsWITAdapter.csproj", "{2C99940C-0826-43ED-8EB3-F27B65C99F2C}"
EndProject
Global
	
	GlobalSection(SolutionConfigurationPlatforms) = preSolution
		Debug|Any CPU = Debug|Any CPU
		Debug|Mixed Platforms = Debug|Mixed Platforms
		Debug|x86 = Debug|x86
		Release|Any CPU = Release|Any CPU
		Release|Mixed Platforms = Release|Mixed Platforms
		Release|x86 = Release|x86
	EndGlobalSection
	GlobalSection(ProjectConfigurationPlatforms) = postSolution
		{E340292B-FCDF-4D3B-9203-4D3D393B77AF}.Debug|Any CPU.ActiveCfg = Debug|Any CPU
		{E340292B-FCDF-4D3B-9203-4D3D393B77AF}.Debug|Any CPU.Build.0 = Debug|Any CPU
		{E340292B-FCDF-4D3B-9203-4D3D393B77AF}.Debug|Mixed Platforms.ActiveCfg = Debug|Any CPU
		{E340292B-FCDF-4D3B-9203-4D3D393B77AF}.Debug|Mixed Platforms.Build.0 = Debug|Any CPU
		{E340292B-FCDF-4D3B-9203-4D3D393B77AF}.Debug|x86.ActiveCfg = Debug|Any CPU
		{E340292B-FCDF-4D3B-9203-4D3D393B77AF}.Release|Any CPU.ActiveCfg = Release|Any CPU
		{E340292B-FCDF-4D3B-9203-4D3D393B77AF}.Release|Any CPU.Build.0 = Release|Any CPU
		{E340292B-FCDF-4D3B-9203-4D3D393B77AF}.Release|Mixed Platforms.ActiveCfg = Release|Any CPU
		{E340292B-FCDF-4D3B-9203-4D3D393B77AF}.Release|Mixed Platforms.Build.0 = Release|Any CPU
		{E340292B-FCDF-4D3B-9203-4D3D393B77AF}.Release|x86.ActiveCfg = Release|Any CPU
		{2C99940C-0826-43ED-8EB3-F27B65C99F2C}.Debug|Any CPU.ActiveCfg = Debug|x86
		{2C99940C-0826-43ED-8EB3-F27B65C99F2C}.Debug|Mixed Platforms.ActiveCfg = Debug|x86
		{2C99940C-0826-43ED-8EB3-F27B65C99F2C}.Debug|Mixed Platforms.Build.0 = Debug|x86
		{2C99940C-0826-43ED-8EB3-F27B65C99F2C}.Debug|x86.ActiveCfg = Debug|x86
		{2C99940C-0826-43ED-8EB3-F27B65C99F2C}.Debug|x86.Build.0 = Debug|x86
		{2C99940C-0826-43ED-8EB3-F27B65C99F2C}.Release|Any CPU.ActiveCfg = Release|x86
		{2C99940C-0826-43ED-8EB3-F27B65C99F2C}.Release|Mixed Platforms.ActiveCfg = Release|x86
		{2C99940C-0826-43ED-8EB3-F27B65C99F2C}.Release|Mixed Platforms.Build.0 = Release|x86
		{2C99940C-0826-43ED-8EB3-F27B65C99F2C}.Release|x86.ActiveCfg = Release|x86
		{2C99940C-0826-43ED-8EB3-F27B65C99F2C}.Release|x86.Build.0 = Release|x86
	EndGlobalSection
	GlobalSection(SolutionProperties) = preSolution
		HideSolutionNode = FALSE
	EndGlobalSection
EndGlobal
