
Microsoft Visual Studio Solution File, Format Version 10.00
# Visual Studio 2008
Project("{FAE04EC0-301F-11D3-BF4B-00C04F79EFBC}") = "TfsMigrationEntityModel", "TfsMigrationEntityModel\TfsMigrationEntityModel.csproj", "{DD017AA0-4088-42F1-98D6-99BC96DAAD37}"
EndProject
Project("{FAE04EC0-301F-11D3-BF4B-00C04F79EFBC}") = "BusinessModelTest", "BusinessModelTestProject\BusinessModelTest.csproj", "{1AF563FE-2E07-4387-9A0F-D9B3C4311554}"
EndProject
Project("{2150E333-8FDC-42A3-9474-1A3956D46DE8}") = "Solution Items", "Solution Items", "{45FE2863-7081-4AC3-9DB1-8E2B3F873762}"
	ProjectSection(SolutionItems) = preProject
		LocalTestRun.testrunconfig = LocalTestRun.testrunconfig
		TfsMigrationEntityModel.vsmdi = TfsMigrationEntityModel.vsmdi
	EndProjectSection
EndProject
Project("{FAE04EC0-301F-11D3-BF4B-00C04F79EFBC}") = "EditorFoundation", "..\..\Shell\EditorFoundation\Source\EditorFoundation.csproj", "{8437726A-FB7F-4109-96EC-BA2880957CED}"
EndProject
Global
	GlobalSection(TeamFoundationVersionControl) = preSolution
		SccNumberOfProjects = 4
		SccEnterpriseProvider = {4CA58AB2-18FA-4F8D-95D4-32DDF27D184C}
		SccTeamFoundationServer = http://vstfarch-01:8080/
		SccLocalPath0 = .
		SccProjectUniqueName1 = ..\\..\\Shell\\EditorFoundation\\Source\\EditorFoundation.csproj
		SccProjectName1 = ../../Shell/EditorFoundation/Source
		SccLocalPath1 = ..\\..\\Shell\\EditorFoundation\\Source
		SccProjectUniqueName2 = BusinessModelTestProject\\BusinessModelTest.csproj
		SccProjectName2 = BusinessModelTestProject
		SccLocalPath2 = BusinessModelTestProject
		SccProjectUniqueName3 = TfsMigrationEntityModel\\TfsMigrationEntityModel.csproj
		SccProjectName3 = TfsMigrationEntityModel
		SccLocalPath3 = TfsMigrationEntityModel
	EndGlobalSection
	GlobalSection(TestCaseManagementSettings) = postSolution
		CategoryFile = TfsMigrationEntityModel.vsmdi
	EndGlobalSection
	GlobalSection(SolutionConfigurationPlatforms) = preSolution
		Debug|Any CPU = Debug|Any CPU
		Debug|x86 = Debug|x86
		Release|Any CPU = Release|Any CPU
		Release|x86 = Release|x86
	EndGlobalSection
	GlobalSection(ProjectConfigurationPlatforms) = postSolution
		{DD017AA0-4088-42F1-98D6-99BC96DAAD37}.Debug|Any CPU.ActiveCfg = Debug|x86
		{DD017AA0-4088-42F1-98D6-99BC96DAAD37}.Debug|x86.ActiveCfg = Debug|x86
		{DD017AA0-4088-42F1-98D6-99BC96DAAD37}.Debug|x86.Build.0 = Debug|x86
		{DD017AA0-4088-42F1-98D6-99BC96DAAD37}.Release|Any CPU.ActiveCfg = Release|x86
		{DD017AA0-4088-42F1-98D6-99BC96DAAD37}.Release|x86.ActiveCfg = Release|x86
		{DD017AA0-4088-42F1-98D6-99BC96DAAD37}.Release|x86.Build.0 = Release|x86
		{1AF563FE-2E07-4387-9A0F-D9B3C4311554}.Debug|Any CPU.ActiveCfg = Debug|Any CPU
		{1AF563FE-2E07-4387-9A0F-D9B3C4311554}.Debug|Any CPU.Build.0 = Debug|Any CPU
		{1AF563FE-2E07-4387-9A0F-D9B3C4311554}.Debug|x86.ActiveCfg = Debug|Any CPU
		{1AF563FE-2E07-4387-9A0F-D9B3C4311554}.Release|Any CPU.ActiveCfg = Release|Any CPU
		{1AF563FE-2E07-4387-9A0F-D9B3C4311554}.Release|Any CPU.Build.0 = Release|Any CPU
		{1AF563FE-2E07-4387-9A0F-D9B3C4311554}.Release|x86.ActiveCfg = Release|Any CPU
		{8437726A-FB7F-4109-96EC-BA2880957CED}.Debug|Any CPU.ActiveCfg = Debug|Any CPU
		{8437726A-FB7F-4109-96EC-BA2880957CED}.Debug|Any CPU.Build.0 = Debug|Any CPU
		{8437726A-FB7F-4109-96EC-BA2880957CED}.Debug|x86.ActiveCfg = Debug|x86
		{8437726A-FB7F-4109-96EC-BA2880957CED}.Debug|x86.Build.0 = Debug|x86
		{8437726A-FB7F-4109-96EC-BA2880957CED}.Release|Any CPU.ActiveCfg = Release|Any CPU
		{8437726A-FB7F-4109-96EC-BA2880957CED}.Release|Any CPU.Build.0 = Release|Any CPU
		{8437726A-FB7F-4109-96EC-BA2880957CED}.Release|x86.ActiveCfg = Release|x86
		{8437726A-FB7F-4109-96EC-BA2880957CED}.Release|x86.Build.0 = Release|x86
	EndGlobalSection
	GlobalSection(SolutionProperties) = preSolution
		HideSolutionNode = FALSE
	EndGlobalSection
EndGlobal
