
Microsoft Visual Studio Solution File, Format Version 10.00
# Visual Studio 2008
Project("{2150E333-8FDC-42A3-9474-1A3956D46DE8}") = "Solution Items", "Solution Items", "{2356F92B-AE21-4FA0-8D74-4F80CFD5A4CA}"
	ProjectSection(SolutionItems) = preProject
		LocalTestRun.testrunconfig = LocalTestRun.testrunconfig
		TfsWITAdapter.vsmdi = TfsWITAdapter.vsmdi
	EndProjectSection
EndProject
Project("{FAE04EC0-301F-11D3-BF4B-00C04F79EFBC}") = "Tfs2008WITAdapter", "Tfs2008WITAdapter.csproj", "{2C99940C-0826-43ED-8EB3-F27B65C99F2C}"
EndProject
Global
	
	GlobalSection(TestCaseManagementSettings) = postSolution
		CategoryFile = TfsWITAdapter.vsmdi
	EndGlobalSection
	GlobalSection(SolutionConfigurationPlatforms) = preSolution
		Debug|x86 = Debug|x86
		Release|x86 = Release|x86
	EndGlobalSection
	GlobalSection(ProjectConfigurationPlatforms) = postSolution
		{2C99940C-0826-43ED-8EB3-F27B65C99F2C}.Debug|x86.ActiveCfg = Debug|x86
		{2C99940C-0826-43ED-8EB3-F27B65C99F2C}.Debug|x86.Build.0 = Debug|x86
		{2C99940C-0826-43ED-8EB3-F27B65C99F2C}.Release|x86.ActiveCfg = Release|x86
		{2C99940C-0826-43ED-8EB3-F27B65C99F2C}.Release|x86.Build.0 = Release|x86
	EndGlobalSection
	GlobalSection(SolutionProperties) = preSolution
		HideSolutionNode = FALSE
	EndGlobalSection
	
EndGlobal
